<?xml version="1.0" encoding="utf-8"?>
<Project ToolsVersion="4.0" xmlns="http://schemas.microsoft.com/developer/msbuild/2003">
  <ItemGroup>
    <Filter Include="Source Files">
      <UniqueIdentifier>{4FC737F1-C7A5-4376-A066-2A32D752A2FF}</UniqueIdentifier>
      <Extensions>cpp;c;cc;cxx;c++;cppm;ixx;def;odl;idl;hpj;bat;asm;asmx</Extensions>
    </Filter>
    <Filter Include="Header Files">
      <UniqueIdentifier>{93995380-89BD-4b04-88EB-625FBE52EBFB}</UniqueIdentifier>
      <Extensions>h;hh;hpp;hxx;h++;hm;inl;inc;ipp;xsd</Extensions>
    </Filter>
    <Filter Include="Resource Files">
      <UniqueIdentifier>{67DA6AB6-F800-4c08-8B7A-83BB121AAD01}</UniqueIdentifier>
      <Extensions>rc;ico;cur;bmp;dlg;rc2;rct;bin;rgs;gif;jpg;jpeg;jpe;resx;tiff;tif;png;wav;mfcribbon-ms</Extensions>
    </Filter>
  </ItemGroup>
  <ItemGroup>
    <ClCompile Include="main.cpp">
      <Filter>Source Files</Filter>
    </ClCompile>
    <ClCompile Include="Image\Image.cpp">
      <Filter>Source Files</Filter>
    </ClCompile>
    <ClCompile Include="Image\PGMImage\PGMImage.cpp">
      <Filter>Source Files</Filter>
    </ClCompile>
    <ClCompile Include="Image\PBMImage\PBMImage.cpp">
      <Filter>Source Files</Filter>
    </ClCompile>
    <ClCompile Include="Image\PPMImage\PPMImage.cpp">
      <Filter>Source Files</Filter>
    </ClCompile>
    <ClCompile Include="String\String.cpp">
      <Filter>Source Files</Filter>
    </ClCompile>
    <ClCompile Include="Image\PBMImage\PBM1Image.cpp">
      <Filter>Source Files</Filter>
    </ClCompile>
    <ClCompile Include="Image\PBMImage\PBM4Image.cpp">
      <Filter>Source Files</Filter>
    </ClCompile>
    <ClCompile Include="Image\PGMImage\PGM2Image.cpp">
      <Filter>Source Files</Filter>
    </ClCompile>
    <ClCompile Include="Image\PGMImage\PGM5Image.cpp">
      <Filter>Source Files</Filter>
    </ClCompile>
    <ClCompile Include="Image\PPMImage\PPM3Image.cpp">
      <Filter>Source Files</Filter>
    </ClCompile>
    <ClCompile Include="Image\PPMImage\PPM6Image.cpp">
      <Filter>Source Files</Filter>
    </ClCompile>
    <ClCompile Include="FilePath\FilePath.cpp">
      <Filter>Source Files</Filter>
    </ClCompile>
    <ClCompile Include="Interface\IGrayScale.cpp">
      <Filter>Source Files</Filter>
    </ClCompile>
    <ClCompile Include="Interface\IMonochrome.cpp">
      <Filter>Source Files</Filter>
    </ClCompile>
    <ClCompile Include="DataStructures\BitSet.cpp">
      <Filter>Source Files</Filter>
    </ClCompile>
    <ClCompile Include="Command\Command.cpp">
      <Filter>Source Files</Filter>
    </ClCompile>
    <ClCompile Include="Command\GrayScaleCommand\GrayScaleCommand.cpp">
      <Filter>Source Files</Filter>
    </ClCompile>
    <ClCompile Include="Command\MonochromeCommand\MonochromeCommand.cpp">
      <Filter>Source Files</Filter>
    </ClCompile>
    <ClCompile Include="Command\RotateLeftCommand\RotateLeftCommand.cpp">
      <Filter>Source Files</Filter>
    </ClCompile>
    <ClCompile Include="Command\RotateRightCommand\RotateRightCommand.cpp">
      <Filter>Source Files</Filter>
    </ClCompile>
    <ClCompile Include="Command\NegativeCommand\NegativeCommand.cpp">
      <Filter>Source Files</Filter>
    </ClCompile>
    <ClCompile Include="Session\Session.cpp">
      <Filter>Source Files</Filter>
    </ClCompile>
    <ClCompile Include="Session\SessionManager.cpp">
      <Filter>Source Files</Filter>
    </ClCompile>
    <ClCompile Include="ImageFactory\ImageFactory.cpp">
      <Filter>Source Files</Filter>
    </ClCompile>
    <ClCompile Include="ImageEditor\ImageEditor.cpp">
      <Filter>Source Files</Filter>
    </ClCompile>
    <ClCompile Include="CommandFactory\CommandFactory.cpp">
      <Filter>Source Files</Filter>
    </ClCompile>
    <ClCompile Include="CommandFactory\GrayScaleFactory\GrayScaleFactory.cpp">
      <Filter>Source Files</Filter>
    </ClCompile>
    <ClCompile Include="CommandFactory\MonochromeFactory\MonochromeFactory.cpp">
      <Filter>Source Files</Filter>
    </ClCompile>
    <ClCompile Include="CommandFactory\NegativeFactory\NegativeFactory.cpp">
      <Filter>Source Files</Filter>
    </ClCompile>
    <ClCompile Include="CommandFactory\RotateLeftFactory\RotateLeftFactory.cpp">
      <Filter>Source Files</Filter>
    </ClCompile>
    <ClCompile Include="CommandFactory\RotateRightFactory\RotateRightFactory.cpp">
      <Filter>Source Files</Filter>
    </ClCompile>
    <ClCompile Include="CommandFactory\FactoryOfFactories.cpp">
      <Filter>Source Files</Filter>
    </ClCompile>
  </ItemGroup>
  <ItemGroup>
    <ClInclude Include="Image\Image.h">
      <Filter>Header Files</Filter>
    </ClInclude>
    <ClInclude Include="Image\PGMImage\PGMImage.h">
      <Filter>Header Files</Filter>
    </ClInclude>
    <ClInclude Include="Image\PBMImage\PBMImage.h">
      <Filter>Header Files</Filter>
    </ClInclude>
    <ClInclude Include="Image\PPMImage\PPMImage.h">
      <Filter>Header Files</Filter>
    </ClInclude>
    <ClInclude Include="String\String.h">
      <Filter>Header Files</Filter>
    </ClInclude>
    <ClInclude Include="Pixel\Pixel.hpp">
      <Filter>Header Files</Filter>
    </ClInclude>
    <ClInclude Include="Image\PBMImage\PBM1Image.h">
      <Filter>Header Files</Filter>
    </ClInclude>
    <ClInclude Include="Image\PBMImage\PBM4Image.h">
      <Filter>Header Files</Filter>
    </ClInclude>
    <ClInclude Include="Image\PGMImage\PGM2Image.h">
      <Filter>Header Files</Filter>
    </ClInclude>
    <ClInclude Include="Image\PGMImage\PGM5Image.h">
      <Filter>Header Files</Filter>
    </ClInclude>
    <ClInclude Include="Image\PPMImage\PPM3Image.h">
      <Filter>Header Files</Filter>
    </ClInclude>
    <ClInclude Include="Image\PPMImage\PPM6Image.h">
      <Filter>Header Files</Filter>
    </ClInclude>
    <ClInclude Include="DataStructures\Vector.hpp">
      <Filter>Header Files</Filter>
    </ClInclude>
    <ClInclude Include="FilePath\FilePath.h">
      <Filter>Header Files</Filter>
    </ClInclude>
    <ClInclude Include="Interface\IGrayScale.h">
      <Filter>Header Files</Filter>
    </ClInclude>
    <ClInclude Include="Interface\IMonochrome.h">
      <Filter>Header Files</Filter>
    </ClInclude>
    <ClInclude Include="DataStructures\BitSet.h">
      <Filter>Header Files</Filter>
    </ClInclude>
    <ClInclude Include="Command\Command.h">
      <Filter>Header Files</Filter>
    </ClInclude>
    <ClInclude Include="Command\GrayScaleCommand\GrayScaleCommand.h">
      <Filter>Header Files</Filter>
    </ClInclude>
    <ClInclude Include="Command\MonochromeCommand\MonochromeCommand.h">
      <Filter>Header Files</Filter>
    </ClInclude>
    <ClInclude Include="Command\RotateLeftCommand\RotateLeftCommand.h">
      <Filter>Header Files</Filter>
    </ClInclude>
    <ClInclude Include="Command\RotateRightCommand\RotateRightCommand.h">
      <Filter>Header Files</Filter>
    </ClInclude>
    <ClInclude Include="Command\NegativeCommand\NegativeCommand.h">
      <Filter>Header Files</Filter>
    </ClInclude>
    <ClInclude Include="SmartPointers\PolymorphicPtr.hpp">
      <Filter>Header Files</Filter>
    </ClInclude>
    <ClInclude Include="Session\Session.h">
      <Filter>Header Files</Filter>
    </ClInclude>
    <ClInclude Include="Session\SessionManager.h">
      <Filter>Header Files</Filter>
    </ClInclude>
    <ClInclude Include="ImageFactory\ImageFactory.h">
      <Filter>Header Files</Filter>
    </ClInclude>
    <ClInclude Include="ImageEditor\ImageEditor.h">
      <Filter>Header Files</Filter>
    </ClInclude>
    <ClInclude Include="CommandFactory\CommandFactory.h">
      <Filter>Header Files</Filter>
    </ClInclude>
    <ClInclude Include="CommandFactory\GrayScaleFactory\GrayScaleFactory.h">
      <Filter>Header Files</Filter>
    </ClInclude>
    <ClInclude Include="CommandFactory\MonochromeFactory\MonochromeFactory.h">
      <Filter>Header Files</Filter>
    </ClInclude>
    <ClInclude Include="CommandFactory\NegativeFactory\NegativeFactory.h">
      <Filter>Header Files</Filter>
    </ClInclude>
    <ClInclude Include="CommandFactory\RotateLeftFactory\RotateLeftFactory.h">
      <Filter>Header Files</Filter>
    </ClInclude>
    <ClInclude Include="CommandFactory\RotateRightFactory\RotateRightFactory.h">
      <Filter>Header Files</Filter>
    </ClInclude>
    <ClInclude Include="CommandFactory\FactoryOfFactories.h">
      <Filter>Header Files</Filter>
    </ClInclude>
  </ItemGroup>
</Project>